
Microsoft Visual Studio Solution File, Format Version 12.00
Project("{FAE04EC0-301F-11D3-BF4B-00C04F79EFBC}") = "Lokalise.ReviewComments.App", "Lokalise.ReviewComments.App\Lokalise.ReviewComments.App.csproj", "{2003BE34-7028-4DEA-8830-C2B0A7415EB9}"
EndProject
Global
	GlobalSection(SolutionConfigurationPlatforms) = preSolution
		Debug|Any CPU = Debug|Any CPU
		Release|Any CPU = Release|Any CPU
	EndGlobalSection
	GlobalSection(ProjectConfigurationPlatforms) = postSolution
		{2003BE34-7028-4DEA-8830-C2B0A7415EB9}.Debug|Any CPU.ActiveCfg = Debug|Any CPU
		{2003BE34-7028-4DEA-8830-C2B0A7415EB9}.Debug|Any CPU.Build.0 = Debug|Any CPU
		{2003BE34-7028-4DEA-8830-C2B0A7415EB9}.Release|Any CPU.ActiveCfg = Release|Any CPU
		{2003BE34-7028-4DEA-8830-C2B0A7415EB9}.Release|Any CPU.Build.0 = Release|Any CPU
	EndGlobalSection
EndGlobal
